
Microsoft Visual Studio Solution File, Format Version 12.00
# Visual Studio 15
VisualStudioVersion = 15.0.27703.2042
MinimumVisualStudioVersion = 10.0.40219.1
Project("{FAE04EC0-301F-11D3-BF4B-00C04F79EFBC}") = "CursoDesignePaterns", "CursoDesignePaterns\CursoDesignePaterns.csproj", "{4684BFF7-E232-4A0C-A800-9FC64787DEF4}"
EndProject
Project("{FAE04EC0-301F-11D3-BF4B-00C04F79EFBC}") = "CursoDesignPatterns2", "CursoDesignPatterns2\CursoDesignPatterns2.csproj", "{D89C4B31-CFEA-44DC-B3D5-DB1BBCBD5E51}"
EndProject
Project("{FAE04EC0-301F-11D3-BF4B-00C04F79EFBC}") = "CursoSolid", "CursoSolid\CursoSolid.csproj", "{5FF9B8B2-0353-4D33-85A0-25695A97CF3C}"
EndProject
Project("{FAE04EC0-301F-11D3-BF4B-00C04F79EFBC}") = "CursoTDD", "CursoTDD\CursoTDD.csproj", "{2DB3B2FC-C2DE-40C9-AC08-77865AAB43EB}"
EndProject
Project("{9A19103F-16F7-4668-BE54-9A1E7A4F7556}") = "CursoReflectionDotNet", "CursoReflectionDotNet\CursoReflectionDotNet.csproj", "{104208EE-D8C7-4C06-9470-083564337280}"
EndProject
Project("{FAE04EC0-301F-11D3-BF4B-00C04F79EFBC}") = "CursoReflectionDotNetService", "CursoReflectionDotNetService\CursoReflectionDotNetService.csproj", "{1AC63516-4195-4933-BD8F-C6F2574DD3D0}"
EndProject
Global
	GlobalSection(SolutionConfigurationPlatforms) = preSolution
		Debug|Any CPU = Debug|Any CPU
		Release|Any CPU = Release|Any CPU
	EndGlobalSection
	GlobalSection(ProjectConfigurationPlatforms) = postSolution
		{4684BFF7-E232-4A0C-A800-9FC64787DEF4}.Debug|Any CPU.ActiveCfg = Debug|Any CPU
		{4684BFF7-E232-4A0C-A800-9FC64787DEF4}.Debug|Any CPU.Build.0 = Debug|Any CPU
		{4684BFF7-E232-4A0C-A800-9FC64787DEF4}.Release|Any CPU.ActiveCfg = Release|Any CPU
		{4684BFF7-E232-4A0C-A800-9FC64787DEF4}.Release|Any CPU.Build.0 = Release|Any CPU
		{D89C4B31-CFEA-44DC-B3D5-DB1BBCBD5E51}.Debug|Any CPU.ActiveCfg = Debug|Any CPU
		{D89C4B31-CFEA-44DC-B3D5-DB1BBCBD5E51}.Debug|Any CPU.Build.0 = Debug|Any CPU
		{D89C4B31-CFEA-44DC-B3D5-DB1BBCBD5E51}.Release|Any CPU.ActiveCfg = Release|Any CPU
		{D89C4B31-CFEA-44DC-B3D5-DB1BBCBD5E51}.Release|Any CPU.Build.0 = Release|Any CPU
		{5FF9B8B2-0353-4D33-85A0-25695A97CF3C}.Debug|Any CPU.ActiveCfg = Debug|Any CPU
		{5FF9B8B2-0353-4D33-85A0-25695A97CF3C}.Debug|Any CPU.Build.0 = Debug|Any CPU
		{5FF9B8B2-0353-4D33-85A0-25695A97CF3C}.Release|Any CPU.ActiveCfg = Release|Any CPU
		{5FF9B8B2-0353-4D33-85A0-25695A97CF3C}.Release|Any CPU.Build.0 = Release|Any CPU
		{2DB3B2FC-C2DE-40C9-AC08-77865AAB43EB}.Debug|Any CPU.ActiveCfg = Release|Any CPU
		{2DB3B2FC-C2DE-40C9-AC08-77865AAB43EB}.Debug|Any CPU.Build.0 = Release|Any CPU
		{2DB3B2FC-C2DE-40C9-AC08-77865AAB43EB}.Release|Any CPU.ActiveCfg = Release|Any CPU
		{2DB3B2FC-C2DE-40C9-AC08-77865AAB43EB}.Release|Any CPU.Build.0 = Release|Any CPU
		{104208EE-D8C7-4C06-9470-083564337280}.Debug|Any CPU.ActiveCfg = Debug|Any CPU
		{104208EE-D8C7-4C06-9470-083564337280}.Debug|Any CPU.Build.0 = Debug|Any CPU
		{104208EE-D8C7-4C06-9470-083564337280}.Release|Any CPU.ActiveCfg = Release|Any CPU
		{104208EE-D8C7-4C06-9470-083564337280}.Release|Any CPU.Build.0 = Release|Any CPU
		{1AC63516-4195-4933-BD8F-C6F2574DD3D0}.Debug|Any CPU.ActiveCfg = Debug|Any CPU
		{1AC63516-4195-4933-BD8F-C6F2574DD3D0}.Debug|Any CPU.Build.0 = Debug|Any CPU
		{1AC63516-4195-4933-BD8F-C6F2574DD3D0}.Release|Any CPU.ActiveCfg = Release|Any CPU
		{1AC63516-4195-4933-BD8F-C6F2574DD3D0}.Release|Any CPU.Build.0 = Release|Any CPU
	EndGlobalSection
	GlobalSection(SolutionProperties) = preSolution
		HideSolutionNode = FALSE
	EndGlobalSection
	GlobalSection(ExtensibilityGlobals) = postSolution
		SolutionGuid = {19B57D73-076F-416A-9FE4-19ABD3D66836}
	EndGlobalSection
EndGlobal
